
Microsoft Visual Studio Solution File, Format Version 12.00
# Visual Studio Version 17
VisualStudioVersion = 17.10.35122.118
MinimumVisualStudioVersion = 10.0.40219.1
Project("{2150E333-8FDC-42A3-9474-1A3956D46DE8}") = "_Solution Items", "_Solution Items", "{3BBA4C34-3544-4160-805B-45FB8EB19ECA}"
	ProjectSection(SolutionItems) = preProject
		Directory.Build.Props = Directory.Build.Props
	EndProjectSection
EndProject
Project("{FAE04EC0-301F-11D3-BF4B-00C04F79EFBC}") = "OnlineShop.SharedKernel", "OnlineShop.SharedKernel\OnlineShop.SharedKernel.csproj", "{15D74943-6A67-4E12-8D3F-B3664C944ADE}"
EndProject
Global
	GlobalSection(SolutionConfigurationPlatforms) = preSolution
		Debug|Any CPU = Debug|Any CPU
		Release|Any CPU = Release|Any CPU
	EndGlobalSection
	GlobalSection(ProjectConfigurationPlatforms) = postSolution
		{15D74943-6A67-4E12-8D3F-B3664C944ADE}.Debug|Any CPU.ActiveCfg = Debug|Any CPU
		{15D74943-6A67-4E12-8D3F-B3664C944ADE}.Debug|Any CPU.Build.0 = Debug|Any CPU
		{15D74943-6A67-4E12-8D3F-B3664C944ADE}.Release|Any CPU.ActiveCfg = Release|Any CPU
		{15D74943-6A67-4E12-8D3F-B3664C944ADE}.Release|Any CPU.Build.0 = Release|Any CPU
	EndGlobalSection
	GlobalSection(SolutionProperties) = preSolution
		HideSolutionNode = FALSE
	EndGlobalSection
	GlobalSection(ExtensibilityGlobals) = postSolution
		SolutionGuid = {C372A0FC-77E0-489A-A6B4-C651A6763927}
	EndGlobalSection
EndGlobal
